// !$*UTF8*$!
{
	archiveVersion = 1;
	classes = {
	};
	objectVersion = 56;
	objects = {

/* Begin PBXBuildFile section */
		018CCB212A03BFE90007770B /* UserRegister.swift in Sources */ = {isa = PBXBuildFile; fileRef = 018CCB202A03BFE90007770B /* UserRegister.swift */; };
		018CCB232A03C0420007770B /* UserLogin.swift in Sources */ = {isa = PBXBuildFile; fileRef = 018CCB222A03C0420007770B /* UserLogin.swift */; };
		018CCB272A03C1E90007770B /* Settings.swift in Sources */ = {isa = PBXBuildFile; fileRef = 018CCB262A03C1E90007770B /* Settings.swift */; };
		018CCB292A03C2260007770B /* UserHomepage.swift in Sources */ = {isa = PBXBuildFile; fileRef = 018CCB282A03C2260007770B /* UserHomepage.swift */; };
		018E72FF2A07E4A500D5017A /* UserInfo.swift in Sources */ = {isa = PBXBuildFile; fileRef = 018E72FE2A07E4A500D5017A /* UserInfo.swift */; };
		018E73012A07E70A00D5017A /* SportRecording.swift in Sources */ = {isa = PBXBuildFile; fileRef = 018E73002A07E70A00D5017A /* SportRecording.swift */; };
		018E73042A07E76B00D5017A /* RecordCharts.swift in Sources */ = {isa = PBXBuildFile; fileRef = 018E73032A07E76B00D5017A /* RecordCharts.swift */; };
		018E73062A07E78D00D5017A /* RecordDetails.swift in Sources */ = {isa = PBXBuildFile; fileRef = 018E73052A07E78D00D5017A /* RecordDetails.swift */; };
		018E73082A07E7B200D5017A /* RecordAnalysis.swift in Sources */ = {isa = PBXBuildFile; fileRef = 018E73072A07E7B200D5017A /* RecordAnalysis.swift */; };
		018EF3B229FA48DE002CC0E1 /* Sport_RecordApp.swift in Sources */ = {isa = PBXBuildFile; fileRef = 018EF3B129FA48DE002CC0E1 /* Sport_RecordApp.swift */; };
		018EF3B429FA48DE002CC0E1 /* ContentView.swift in Sources */ = {isa = PBXBuildFile; fileRef = 018EF3B329FA48DE002CC0E1 /* ContentView.swift */; };
		018EF3B629FA48DF002CC0E1 /* Assets.xcassets in Resources */ = {isa = PBXBuildFile; fileRef = 018EF3B529FA48DF002CC0E1 /* Assets.xcassets */; };
		018EF3B929FA48DF002CC0E1 /* Preview Assets.xcassets in Resources */ = {isa = PBXBuildFile; fileRef = 018EF3B829FA48DF002CC0E1 /* Preview Assets.xcassets */; };
		018EF3C329FA48DF002CC0E1 /* Sport_RecordTests.swift in Sources */ = {isa = PBXBuildFile; fileRef = 018EF3C229FA48DF002CC0E1 /* Sport_RecordTests.swift */; };
		018EF3CD29FA48DF002CC0E1 /* Sport_RecordUITests.swift in Sources */ = {isa = PBXBuildFile; fileRef = 018EF3CC29FA48DF002CC0E1 /* Sport_RecordUITests.swift */; };
		018EF3CF29FA48DF002CC0E1 /* Sport_RecordUITestsLaunchTests.swift in Sources */ = {isa = PBXBuildFile; fileRef = 018EF3CE29FA48DF002CC0E1 /* Sport_RecordUITestsLaunchTests.swift */; };
/* End PBXBuildFile section */

/* Begin PBXContainerItemProxy section */
		018EF3BF29FA48DF002CC0E1 /* PBXContainerItemProxy */ = {
			isa = PBXContainerItemProxy;
			containerPortal = 018EF3A629FA48DE002CC0E1 /* Project object */;
			proxyType = 1;
			remoteGlobalIDString = 018EF3AD29FA48DE002CC0E1;
			remoteInfo = "Sport Record";
		};
		018EF3C929FA48DF002CC0E1 /* PBXContainerItemProxy */ = {
			isa = PBXContainerItemProxy;
			containerPortal = 018EF3A629FA48DE002CC0E1 /* Project object */;
			proxyType = 1;
			remoteGlobalIDString = 018EF3AD29FA48DE002CC0E1;
			remoteInfo = "Sport Record";
		};
/* End PBXContainerItemProxy section */

/* Begin PBXFileReference section */
		018CCB202A03BFE90007770B /* UserRegister.swift */ = {isa = PBXFileReference; lastKnownFileType = sourcecode.swift; path = UserRegister.swift; sourceTree = "<group>"; };
		018CCB222A03C0420007770B /* UserLogin.swift */ = {isa = PBXFileReference; lastKnownFileType = sourcecode.swift; path = UserLogin.swift; sourceTree = "<group>"; };
		018CCB262A03C1E90007770B /* Settings.swift */ = {isa = PBXFileReference; lastKnownFileType = sourcecode.swift; path = Settings.swift; sourceTree = "<group>"; };
		018CCB282A03C2260007770B /* UserHomepage.swift */ = {isa = PBXFileReference; lastKnownFileType = sourcecode.swift; path = UserHomepage.swift; sourceTree = "<group>"; };
		018E72FE2A07E4A500D5017A /* UserInfo.swift */ = {isa = PBXFileReference; lastKnownFileType = sourcecode.swift; path = UserInfo.swift; sourceTree = "<group>"; };
		018E73002A07E70A00D5017A /* SportRecording.swift */ = {isa = PBXFileReference; lastKnownFileType = sourcecode.swift; path = SportRecording.swift; sourceTree = "<group>"; };
		018E73032A07E76B00D5017A /* RecordCharts.swift */ = {isa = PBXFileReference; lastKnownFileType = sourcecode.swift; path = RecordCharts.swift; sourceTree = "<group>"; };
		018E73052A07E78D00D5017A /* RecordDetails.swift */ = {isa = PBXFileReference; lastKnownFileType = sourcecode.swift; path = RecordDetails.swift; sourceTree = "<group>"; };
		018E73072A07E7B200D5017A /* RecordAnalysis.swift */ = {isa = PBXFileReference; lastKnownFileType = sourcecode.swift; path = RecordAnalysis.swift; sourceTree = "<group>"; };
		018EF3AE29FA48DE002CC0E1 /* Sport Record.app */ = {isa = PBXFileReference; explicitFileType = wrapper.application; includeInIndex = 0; path = "Sport Record.app"; sourceTree = BUILT_PRODUCTS_DIR; };
		018EF3B129FA48DE002CC0E1 /* Sport_RecordApp.swift */ = {isa = PBXFileReference; lastKnownFileType = sourcecode.swift; path = Sport_RecordApp.swift; sourceTree = "<group>"; };
		018EF3B329FA48DE002CC0E1 /* ContentView.swift */ = {isa = PBXFileReference; lastKnownFileType = sourcecode.swift; path = ContentView.swift; sourceTree = "<group>"; };
		018EF3B529FA48DF002CC0E1 /* Assets.xcassets */ = {isa = PBXFileReference; lastKnownFileType = folder.assetcatalog; path = Assets.xcassets; sourceTree = "<group>"; };
		018EF3B829FA48DF002CC0E1 /* Preview Assets.xcassets */ = {isa = PBXFileReference; lastKnownFileType = folder.assetcatalog; path = "Preview Assets.xcassets"; sourceTree = "<group>"; };
		018EF3BE29FA48DF002CC0E1 /* Sport RecordTests.xctest */ = {isa = PBXFileReference; explicitFileType = wrapper.cfbundle; includeInIndex = 0; path = "Sport RecordTests.xctest"; sourceTree = BUILT_PRODUCTS_DIR; };
		018EF3C229FA48DF002CC0E1 /* Sport_RecordTests.swift */ = {isa = PBXFileReference; lastKnownFileType = sourcecode.swift; path = Sport_RecordTests.swift; sourceTree = "<group>"; };
		018EF3C829FA48DF002CC0E1 /* Sport RecordUITests.xctest */ = {isa = PBXFileReference; explicitFileType = wrapper.cfbundle; includeInIndex = 0; path = "Sport RecordUITests.xctest"; sourceTree = BUILT_PRODUCTS_DIR; };
		018EF3CC29FA48DF002CC0E1 /* Sport_RecordUITests.swift */ = {isa = PBXFileReference; lastKnownFileType = sourcecode.swift; path = Sport_RecordUITests.swift; sourceTree = "<group>"; };
		018EF3CE29FA48DF002CC0E1 /* Sport_RecordUITestsLaunchTests.swift */ = {isa = PBXFileReference; lastKnownFileType = sourcecode.swift; path = Sport_RecordUITestsLaunchTests.swift; sourceTree = "<group>"; };
/* End PBXFileReference section */

/* Begin PBXFrameworksBuildPhase section */
		018EF3AB29FA48DE002CC0E1 /* Frameworks */ = {
			isa = PBXFrameworksBuildPhase;
			buildActionMask = 2147483647;
			files = (
			);
			runOnlyForDeploymentPostprocessing = 0;
		};
		018EF3BB29FA48DF002CC0E1 /* Frameworks */ = {
			isa = PBXFrameworksBuildPhase;
			buildActionMask = 2147483647;
			files = (
			);
			runOnlyForDeploymentPostprocessing = 0;
		};
		018EF3C529FA48DF002CC0E1 /* Frameworks */ = {
			isa = PBXFrameworksBuildPhase;
			buildActionMask = 2147483647;
			files = (
			);
			runOnlyForDeploymentPostprocessing = 0;
		};
/* End PBXFrameworksBuildPhase section */

/* Begin PBXGroup section */
		018CCB252A03C1C30007770B /* User */ = {
			isa = PBXGroup;
			children = (
				018CCB262A03C1E90007770B /* Settings.swift */,
				018CCB282A03C2260007770B /* UserHomepage.swift */,
				018E72FE2A07E4A500D5017A /* UserInfo.swift */,
				018CCB222A03C0420007770B /* UserLogin.swift */,
				018CCB202A03BFE90007770B /* UserRegister.swift */,
			);
			path = User;
			sourceTree = "<group>";
		};
		018E73022A07E72000D5017A /* Record */ = {
			isa = PBXGroup;
			children = (
				018E73002A07E70A00D5017A /* SportRecording.swift */,
				018E73032A07E76B00D5017A /* RecordCharts.swift */,
				018E73052A07E78D00D5017A /* RecordDetails.swift */,
				018E73072A07E7B200D5017A /* RecordAnalysis.swift */,
			);
			path = Record;
			sourceTree = "<group>";
		};
		018EF3A529FA48DE002CC0E1 = {
			isa = PBXGroup;
			children = (
				018EF3B029FA48DE002CC0E1 /* Sport Record */,
				018EF3C129FA48DF002CC0E1 /* Sport RecordTests */,
				018EF3CB29FA48DF002CC0E1 /* Sport RecordUITests */,
				018EF3AF29FA48DE002CC0E1 /* Products */,
			);
			sourceTree = "<group>";
		};
		018EF3AF29FA48DE002CC0E1 /* Products */ = {
			isa = PBXGroup;
			children = (
				018EF3AE29FA48DE002CC0E1 /* Sport Record.app */,
				018EF3BE29FA48DF002CC0E1 /* Sport RecordTests.xctest */,
				018EF3C829FA48DF002CC0E1 /* Sport RecordUITests.xctest */,
			);
			name = Products;
			sourceTree = "<group>";
		};
		018EF3B029FA48DE002CC0E1 /* Sport Record */ = {
			isa = PBXGroup;
			children = (
				018E73022A07E72000D5017A /* Record */,
				018CCB252A03C1C30007770B /* User */,
				018EF3B129FA48DE002CC0E1 /* Sport_RecordApp.swift */,
				018EF3B329FA48DE002CC0E1 /* ContentView.swift */,
				018EF3B529FA48DF002CC0E1 /* Assets.xcassets */,
				018EF3B729FA48DF002CC0E1 /* Preview Content */,
			);
			path = "Sport Record";
			sourceTree = "<group>";
		};
		018EF3B729FA48DF002CC0E1 /* Preview Content */ = {
			isa = PBXGroup;
			children = (
				018EF3B829FA48DF002CC0E1 /* Preview Assets.xcassets */,
			);
			path = "Preview Content";
			sourceTree = "<group>";
		};
		018EF3C129FA48DF002CC0E1 /* Sport RecordTests */ = {
			isa = PBXGroup;
			children = (
				018EF3C229FA48DF002CC0E1 /* Sport_RecordTests.swift */,
			);
			path = "Sport RecordTests";
			sourceTree = "<group>";
		};
		018EF3CB29FA48DF002CC0E1 /* Sport RecordUITests */ = {
			isa = PBXGroup;
			children = (
				018EF3CC29FA48DF002CC0E1 /* Sport_RecordUITests.swift */,
				018EF3CE29FA48DF002CC0E1 /* Sport_RecordUITestsLaunchTests.swift */,
			);
			path = "Sport RecordUITests";
			sourceTree = "<group>";
		};
/* End PBXGroup section */

/* Begin PBXNativeTarget section */
		018EF3AD29FA48DE002CC0E1 /* Sport Record */ = {
			isa = PBXNativeTarget;
			buildConfigurationList = 018EF3D229FA48DF002CC0E1 /* Build configuration list for PBXNativeTarget "Sport Record" */;
			buildPhases = (
				018EF3AA29FA48DE002CC0E1 /* Sources */,
				018EF3AB29FA48DE002CC0E1 /* Frameworks */,
				018EF3AC29FA48DE002CC0E1 /* Resources */,
			);
			buildRules = (
			);
			dependencies = (
			);
			name = "Sport Record";
			productName = "Sport Record";
			productReference = 018EF3AE29FA48DE002CC0E1 /* Sport Record.app */;
			productType = "com.apple.product-type.application";
		};
		018EF3BD29FA48DF002CC0E1 /* Sport RecordTests */ = {
			isa = PBXNativeTarget;
			buildConfigurationList = 018EF3D529FA48DF002CC0E1 /* Build configuration list for PBXNativeTarget "Sport RecordTests" */;
			buildPhases = (
				018EF3BA29FA48DF002CC0E1 /* Sources */,
				018EF3BB29FA48DF002CC0E1 /* Frameworks */,
				018EF3BC29FA48DF002CC0E1 /* Resources */,
			);
			buildRules = (
			);
			dependencies = (
				018EF3C029FA48DF002CC0E1 /* PBXTargetDependency */,
			);
			name = "Sport RecordTests";
			productName = "Sport RecordTests";
			productReference = 018EF3BE29FA48DF002CC0E1 /* Sport RecordTests.xctest */;
			productType = "com.apple.product-type.bundle.unit-test";
		};
		018EF3C729FA48DF002CC0E1 /* Sport RecordUITests */ = {
			isa = PBXNativeTarget;
			buildConfigurationList = 018EF3D829FA48DF002CC0E1 /* Build configuration list for PBXNativeTarget "Sport RecordUITests" */;
			buildPhases = (
				018EF3C429FA48DF002CC0E1 /* Sources */,
				018EF3C529FA48DF002CC0E1 /* Frameworks */,
				018EF3C629FA48DF002CC0E1 /* Resources */,
			);
			buildRules = (
			);
			dependencies = (
				018EF3CA29FA48DF002CC0E1 /* PBXTargetDependency */,
			);
			name = "Sport RecordUITests";
			productName = "Sport RecordUITests";
			productReference = 018EF3C829FA48DF002CC0E1 /* Sport RecordUITests.xctest */;
			productType = "com.apple.product-type.bundle.ui-testing";
		};
/* End PBXNativeTarget section */

/* Begin PBXProject section */
		018EF3A629FA48DE002CC0E1 /* Project object */ = {
			isa = PBXProject;
			attributes = {
				BuildIndependentTargetsInParallel = 1;
				LastSwiftUpdateCheck = 1430;
				LastUpgradeCheck = 1430;
				TargetAttributes = {
					018EF3AD29FA48DE002CC0E1 = {
						CreatedOnToolsVersion = 14.3;
					};
					018EF3BD29FA48DF002CC0E1 = {
						CreatedOnToolsVersion = 14.3;
						TestTargetID = 018EF3AD29FA48DE002CC0E1;
					};
					018EF3C729FA48DF002CC0E1 = {
						CreatedOnToolsVersion = 14.3;
						TestTargetID = 018EF3AD29FA48DE002CC0E1;
					};
				};
			};
			buildConfigurationList = 018EF3A929FA48DE002CC0E1 /* Build configuration list for PBXProject "Sport Record" */;
			compatibilityVersion = "Xcode 14.0";
			developmentRegion = en;
			hasScannedForEncodings = 0;
			knownRegions = (
				en,
				Base,
			);
			mainGroup = 018EF3A529FA48DE002CC0E1;
			productRefGroup = 018EF3AF29FA48DE002CC0E1 /* Products */;
			projectDirPath = "";
			projectRoot = "";
			targets = (
				018EF3AD29FA48DE002CC0E1 /* Sport Record */,
				018EF3BD29FA48DF002CC0E1 /* Sport RecordTests */,
				018EF3C729FA48DF002CC0E1 /* Sport RecordUITests */,
			);
		};
/* End PBXProject section */

/* Begin PBXResourcesBuildPhase section */
		018EF3AC29FA48DE002CC0E1 /* Resources */ = {
			isa = PBXResourcesBuildPhase;
			buildActionMask = 2147483647;
			files = (
				018EF3B929FA48DF002CC0E1 /* Preview Assets.xcassets in Resources */,
				018EF3B629FA48DF002CC0E1 /* Assets.xcassets in Resources */,
			);
			runOnlyForDeploymentPostprocessing = 0;
		};
		018EF3BC29FA48DF002CC0E1 /* Resources */ = {
			isa = PBXResourcesBuildPhase;
			buildActionMask = 2147483647;
			files = (
			);
			runOnlyForDeploymentPostprocessing = 0;
		};
		018EF3C629FA48DF002CC0E1 /* Resources */ = {
			isa = PBXResourcesBuildPhase;
			buildActionMask = 2147483647;
			files = (
			);
			runOnlyForDeploymentPostprocessing = 0;
		};
/* End PBXResourcesBuildPhase section */

/* Begin PBXSourcesBuildPhase section */
		018EF3AA29FA48DE002CC0E1 /* Sources */ = {
			isa = PBXSourcesBuildPhase;
			buildActionMask = 2147483647;
			files = (
				018CCB292A03C2260007770B /* UserHomepage.swift in Sources */,
				018CCB212A03BFE90007770B /* UserRegister.swift in Sources */,
				018EF3B429FA48DE002CC0E1 /* ContentView.swift in Sources */,
				018CCB232A03C0420007770B /* UserLogin.swift in Sources */,
				018E73012A07E70A00D5017A /* SportRecording.swift in Sources */,
				018E73062A07E78D00D5017A /* RecordDetails.swift in Sources */,
				018EF3B229FA48DE002CC0E1 /* Sport_RecordApp.swift in Sources */,
				018E73042A07E76B00D5017A /* RecordCharts.swift in Sources */,
				018E73082A07E7B200D5017A /* RecordAnalysis.swift in Sources */,
				018E72FF2A07E4A500D5017A /* UserInfo.swift in Sources */,
				018CCB272A03C1E90007770B /* Settings.swift in Sources */,
			);
			runOnlyForDeploymentPostprocessing = 0;
		};
		018EF3BA29FA48DF002CC0E1 /* Sources */ = {
			isa = PBXSourcesBuildPhase;
			buildActionMask = 2147483647;
			files = (
				018EF3C329FA48DF002CC0E1 /* Sport_RecordTests.swift in Sources */,
			);
			runOnlyForDeploymentPostprocessing = 0;
		};
		018EF3C429FA48DF002CC0E1 /* Sources */ = {
			isa = PBXSourcesBuildPhase;
			buildActionMask = 2147483647;
			files = (
				018EF3CF29FA48DF002CC0E1 /* Sport_RecordUITestsLaunchTests.swift in Sources */,
				018EF3CD29FA48DF002CC0E1 /* Sport_RecordUITests.swift in Sources */,
			);
			runOnlyForDeploymentPostprocessing = 0;
		};
/* End PBXSourcesBuildPhase section */

/* Begin PBXTargetDependency section */
		018EF3C029FA48DF002CC0E1 /* PBXTargetDependency */ = {
			isa = PBXTargetDependency;
			target = 018EF3AD29FA48DE002CC0E1 /* Sport Record */;
			targetProxy = 018EF3BF29FA48DF002CC0E1 /* PBXContainerItemProxy */;
		};
		018EF3CA29FA48DF002CC0E1 /* PBXTargetDependency */ = {
			isa = PBXTargetDependency;
			target = 018EF3AD29FA48DE002CC0E1 /* Sport Record */;
			targetProxy = 018EF3C929FA48DF002CC0E1 /* PBXContainerItemProxy */;
		};
/* End PBXTargetDependency section */

/* Begin XCBuildConfiguration section */
		018EF3D029FA48DF002CC0E1 /* Debug */ = {
			isa = XCBuildConfiguration;
			buildSettings = {
				ALWAYS_SEARCH_USER_PATHS = NO;
				CLANG_ANALYZER_NONNULL = YES;
				CLANG_ANALYZER_NUMBER_OBJECT_CONVERSION = YES_AGGRESSIVE;
				CLANG_CXX_LANGUAGE_STANDARD = "gnu++20";
				CLANG_ENABLE_MODULES = YES;
				CLANG_ENABLE_OBJC_ARC = YES;
				CLANG_ENABLE_OBJC_WEAK = YES;
				CLANG_WARN_BLOCK_CAPTURE_AUTORELEASING = YES;
				CLANG_WARN_BOOL_CONVERSION = YES;
				CLANG_WARN_COMMA = YES;
				CLANG_WARN_CONSTANT_CONVERSION = YES;
				CLANG_WARN_DEPRECATED_OBJC_IMPLEMENTATIONS = YES;
				CLANG_WARN_DIRECT_OBJC_ISA_USAGE = YES_ERROR;
				CLANG_WARN_DOCUMENTATION_COMMENTS = YES;
				CLANG_WARN_EMPTY_BODY = YES;
				CLANG_WARN_ENUM_CONVERSION = YES;
				CLANG_WARN_INFINITE_RECURSION = YES;
				CLANG_WARN_INT_CONVERSION = YES;
				CLANG_WARN_NON_LITERAL_NULL_CONVERSION = YES;
				CLANG_WARN_OBJC_IMPLICIT_RETAIN_SELF = YES;
				CLANG_WARN_OBJC_LITERAL_CONVERSION = YES;
				CLANG_WARN_OBJC_ROOT_CLASS = YES_ERROR;
				CLANG_WARN_QUOTED_INCLUDE_IN_FRAMEWORK_HEADER = YES;
				CLANG_WARN_RANGE_LOOP_ANALYSIS = YES;
				CLANG_WARN_STRICT_PROTOTYPES = YES;
				CLANG_WARN_SUSPICIOUS_MOVE = YES;
				CLANG_WARN_UNGUARDED_AVAILABILITY = YES_AGGRESSIVE;
				CLANG_WARN_UNREACHABLE_CODE = YES;
				CLANG_WARN__DUPLICATE_METHOD_MATCH = YES;
				COPY_PHASE_STRIP = NO;
				DEBUG_INFORMATION_FORMAT = dwarf;
				ENABLE_STRICT_OBJC_MSGSEND = YES;
				ENABLE_TESTABILITY = YES;
				GCC_C_LANGUAGE_STANDARD = gnu11;
				GCC_DYNAMIC_NO_PIC = NO;
				GCC_NO_COMMON_BLOCKS = YES;
				GCC_OPTIMIZATION_LEVEL = 0;
				GCC_PREPROCESSOR_DEFINITIONS = (
					"DEBUG=1",
					"$(inherited)",
				);
				GCC_WARN_64_TO_32_BIT_CONVERSION = YES;
				GCC_WARN_ABOUT_RETURN_TYPE = YES_ERROR;
				GCC_WARN_UNDECLARED_SELECTOR = YES;
				GCC_WARN_UNINITIALIZED_AUTOS = YES_AGGRESSIVE;
				GCC_WARN_UNUSED_FUNCTION = YES;
				GCC_WARN_UNUSED_VARIABLE = YES;
				IPHONEOS_DEPLOYMENT_TARGET = 16.4;
				MTL_ENABLE_DEBUG_INFO = INCLUDE_SOURCE;
				MTL_FAST_MATH = YES;
				ONLY_ACTIVE_ARCH = YES;
				SDKROOT = iphoneos;
				SWIFT_ACTIVE_COMPILATION_CONDITIONS = DEBUG;
				SWIFT_OPTIMIZATION_LEVEL = "-Onone";
			};
			name = Debug;
		};
		018EF3D129FA48DF002CC0E1 /* Release */ = {
			isa = XCBuildConfiguration;
			buildSettings = {
				ALWAYS_SEARCH_USER_PATHS = NO;
				CLANG_ANALYZER_NONNULL = YES;
				CLANG_ANALYZER_NUMBER_OBJECT_CONVERSION = YES_AGGRESSIVE;
				CLANG_CXX_LANGUAGE_STANDARD = "gnu++20";
				CLANG_ENABLE_MODULES = YES;
				CLANG_ENABLE_OBJC_ARC = YES;
				CLANG_ENABLE_OBJC_WEAK = YES;
				CLANG_WARN_BLOCK_CAPTURE_AUTORELEASING = YES;
				CLANG_WARN_BOOL_CONVERSION = YES;
				CLANG_WARN_COMMA = YES;
				CLANG_WARN_CONSTANT_CONVERSION = YES;
				CLANG_WARN_DEPRECATED_OBJC_IMPLEMENTATIONS = YES;
				CLANG_WARN_DIRECT_OBJC_ISA_USAGE = YES_ERROR;
				CLANG_WARN_DOCUMENTATION_COMMENTS = YES;
				CLANG_WARN_EMPTY_BODY = YES;
				CLANG_WARN_ENUM_CONVERSION = YES;
				CLANG_WARN_INFINITE_RECURSION = YES;
				CLANG_WARN_INT_CONVERSION = YES;
				CLANG_WARN_NON_LITERAL_NULL_CONVERSION = YES;
				CLANG_WARN_OBJC_IMPLICIT_RETAIN_SELF = YES;
				CLANG_WARN_OBJC_LITERAL_CONVERSION = YES;
				CLANG_WARN_OBJC_ROOT_CLASS = YES_ERROR;
				CLANG_WARN_QUOTED_INCLUDE_IN_FRAMEWORK_HEADER = YES;
				CLANG_WARN_RANGE_LOOP_ANALYSIS = YES;
				CLANG_WARN_STRICT_PROTOTYPES = YES;
				CLANG_WARN_SUSPICIOUS_MOVE = YES;
				CLANG_WARN_UNGUARDED_AVAILABILITY = YES_AGGRESSIVE;
				CLANG_WARN_UNREACHABLE_CODE = YES;
				CLANG_WARN__DUPLICATE_METHOD_MATCH = YES;
				COPY_PHASE_STRIP = NO;
				DEBUG_INFORMATION_FORMAT = "dwarf-with-dsym";
				ENABLE_NS_ASSERTIONS = NO;
				ENABLE_STRICT_OBJC_MSGSEND = YES;
				GCC_C_LANGUAGE_STANDARD = gnu11;
				GCC_NO_COMMON_BLOCKS = YES;
				GCC_WARN_64_TO_32_BIT_CONVERSION = YES;
				GCC_WARN_ABOUT_RETURN_TYPE = YES_ERROR;
				GCC_WARN_UNDECLARED_SELECTOR = YES;
				GCC_WARN_UNINITIALIZED_AUTOS = YES_AGGRESSIVE;
				GCC_WARN_UNUSED_FUNCTION = YES;
				GCC_WARN_UNUSED_VARIABLE = YES;
				IPHONEOS_DEPLOYMENT_TARGET = 16.4;
				MTL_ENABLE_DEBUG_INFO = NO;
				MTL_FAST_MATH = YES;
				SDKROOT = iphoneos;
				SWIFT_COMPILATION_MODE = wholemodule;
				SWIFT_OPTIMIZATION_LEVEL = "-O";
				VALIDATE_PRODUCT = YES;
			};
			name = Release;
		};
		018EF3D329FA48DF002CC0E1 /* Debug */ = {
			isa = XCBuildConfiguration;
			buildSettings = {
				ASSETCATALOG_COMPILER_APPICON_NAME = AppIcon;
				ASSETCATALOG_COMPILER_GLOBAL_ACCENT_COLOR_NAME = AccentColor;
				CODE_SIGN_STYLE = Automatic;
				CURRENT_PROJECT_VERSION = 1;
				DEVELOPMENT_ASSET_PATHS = "\"Sport Record/Preview Content\"";
				DEVELOPMENT_TEAM = 5K8UKRD2LY;
				ENABLE_PREVIEWS = YES;
				GENERATE_INFOPLIST_FILE = YES;
				INFOPLIST_KEY_UIApplicationSceneManifest_Generation = YES;
				INFOPLIST_KEY_UIApplicationSupportsIndirectInputEvents = YES;
				INFOPLIST_KEY_UILaunchScreen_Generation = YES;
				INFOPLIST_KEY_UISupportedInterfaceOrientations_iPad = "UIInterfaceOrientationPortrait UIInterfaceOrientationPortraitUpsideDown UIInterfaceOrientationLandscapeLeft UIInterfaceOrientationLandscapeRight";
				INFOPLIST_KEY_UISupportedInterfaceOrientations_iPhone = "UIInterfaceOrientationPortrait UIInterfaceOrientationLandscapeLeft UIInterfaceOrientationLandscapeRight";
				LD_RUNPATH_SEARCH_PATHS = (
					"$(inherited)",
					"@executable_path/Frameworks",
				);
				MARKETING_VERSION = 1.0;
				PRODUCT_BUNDLE_IDENTIFIER = "Fishead-East.Sport-Record";
				PRODUCT_NAME = "$(TARGET_NAME)";
				SWIFT_EMIT_LOC_STRINGS = YES;
				SWIFT_VERSION = 5.0;
				TARGETED_DEVICE_FAMILY = "1,2";
			};
			name = Debug;
		};
		018EF3D429FA48DF002CC0E1 /* Release */ = {
			isa = XCBuildConfiguration;
			buildSettings = {
				ASSETCATALOG_COMPILER_APPICON_NAME = AppIcon;
				ASSETCATALOG_COMPILER_GLOBAL_ACCENT_COLOR_NAME = AccentColor;
				CODE_SIGN_STYLE = Automatic;
				CURRENT_PROJECT_VERSION = 1;
				DEVELOPMENT_ASSET_PATHS = "\"Sport Record/Preview Content\"";
				DEVELOPMENT_TEAM = 5K8UKRD2LY;
				ENABLE_PREVIEWS = YES;
				GENERATE_INFOPLIST_FILE = YES;
				INFOPLIST_KEY_UIApplicationSceneManifest_Generation = YES;
				INFOPLIST_KEY_UIApplicationSupportsIndirectInputEvents = YES;
				INFOPLIST_KEY_UILaunchScreen_Generation = YES;
				INFOPLIST_KEY_UISupportedInterfaceOrientations_iPad = "UIInterfaceOrientationPortrait UIInterfaceOrientationPortraitUpsideDown UIInterfaceOrientationLandscapeLeft UIInterfaceOrientationLandscapeRight";
				INFOPLIST_KEY_UISupportedInterfaceOrientations_iPhone = "UIInterfaceOrientationPortrait UIInterfaceOrientationLandscapeLeft UIInterfaceOrientationLandscapeRight";
				LD_RUNPATH_SEARCH_PATHS = (
					"$(inherited)",
					"@executable_path/Frameworks",
				);
				MARKETING_VERSION = 1.0;
				PRODUCT_BUNDLE_IDENTIFIER = "Fishead-East.Sport-Record";
				PRODUCT_NAME = "$(TARGET_NAME)";
				SWIFT_EMIT_LOC_STRINGS = YES;
				SWIFT_VERSION = 5.0;
				TARGETED_DEVICE_FAMILY = "1,2";
			};
			name = Release;
		};
		018EF3D629FA48DF002CC0E1 /* Debug */ = {
			isa = XCBuildConfiguration;
			buildSettings = {
				ALWAYS_EMBED_SWIFT_STANDARD_LIBRARIES = YES;
				BUNDLE_LOADER = "$(TEST_HOST)";
				CODE_SIGN_STYLE = Automatic;
				CURRENT_PROJECT_VERSION = 1;
				DEVELOPMENT_TEAM = 5K8UKRD2LY;
				GENERATE_INFOPLIST_FILE = YES;
				IPHONEOS_DEPLOYMENT_TARGET = 16.4;
				MARKETING_VERSION = 1.0;
				PRODUCT_BUNDLE_IDENTIFIER = "Fishead-East.Sport-RecordTests";
				PRODUCT_NAME = "$(TARGET_NAME)";
				SWIFT_EMIT_LOC_STRINGS = NO;
				SWIFT_VERSION = 5.0;
				TARGETED_DEVICE_FAMILY = "1,2";
				TEST_HOST = "$(BUILT_PRODUCTS_DIR)/Sport Record.app/$(BUNDLE_EXECUTABLE_FOLDER_PATH)/Sport Record";
			};
			name = Debug;
		};
		018EF3D729FA48DF002CC0E1 /* Release */ = {
			isa = XCBuildConfiguration;
			buildSettings = {
				ALWAYS_EMBED_SWIFT_STANDARD_LIBRARIES = YES;
				BUNDLE_LOADER = "$(TEST_HOST)";
				CODE_SIGN_STYLE = Automatic;
				CURRENT_PROJECT_VERSION = 1;
				DEVELOPMENT_TEAM = 5K8UKRD2LY;
				GENERATE_INFOPLIST_FILE = YES;
				IPHONEOS_DEPLOYMENT_TARGET = 16.4;
				MARKETING_VERSION = 1.0;
				PRODUCT_BUNDLE_IDENTIFIER = "Fishead-East.Sport-RecordTests";
				PRODUCT_NAME = "$(TARGET_NAME)";
				SWIFT_EMIT_LOC_STRINGS = NO;
				SWIFT_VERSION = 5.0;
				TARGETED_DEVICE_FAMILY = "1,2";
				TEST_HOST = "$(BUILT_PRODUCTS_DIR)/Sport Record.app/$(BUNDLE_EXECUTABLE_FOLDER_PATH)/Sport Record";
			};
			name = Release;
		};
		018EF3D929FA48DF002CC0E1 /* Debug */ = {
			isa = XCBuildConfiguration;
			buildSettings = {
				ALWAYS_EMBED_SWIFT_STANDARD_LIBRARIES = YES;
				CODE_SIGN_STYLE = Automatic;
				CURRENT_PROJECT_VERSION = 1;
				DEVELOPMENT_TEAM = 5K8UKRD2LY;
				GENERATE_INFOPLIST_FILE = YES;
				MARKETING_VERSION = 1.0;
				PRODUCT_BUNDLE_IDENTIFIER = "Fishead-East.Sport-RecordUITests";
				PRODUCT_NAME = "$(TARGET_NAME)";
				SWIFT_EMIT_LOC_STRINGS = NO;
				SWIFT_VERSION = 5.0;
				TARGETED_DEVICE_FAMILY = "1,2";
				TEST_TARGET_NAME = "Sport Record";
			};
			name = Debug;
		};
		018EF3DA29FA48DF002CC0E1 /* Release */ = {
			isa = XCBuildConfiguration;
			buildSettings = {
				ALWAYS_EMBED_SWIFT_STANDARD_LIBRARIES = YES;
				CODE_SIGN_STYLE = Automatic;
				CURRENT_PROJECT_VERSION = 1;
				DEVELOPMENT_TEAM = 5K8UKRD2LY;
				GENERATE_INFOPLIST_FILE = YES;
				MARKETING_VERSION = 1.0;
				PRODUCT_BUNDLE_IDENTIFIER = "Fishead-East.Sport-RecordUITests";
				PRODUCT_NAME = "$(TARGET_NAME)";
				SWIFT_EMIT_LOC_STRINGS = NO;
				SWIFT_VERSION = 5.0;
				TARGETED_DEVICE_FAMILY = "1,2";
				TEST_TARGET_NAME = "Sport Record";
			};
			name = Release;
		};
/* End XCBuildConfiguration section */

/* Begin XCConfigurationList section */
		018EF3A929FA48DE002CC0E1 /* Build configuration list for PBXProject "Sport Record" */ = {
			isa = XCConfigurationList;
			buildConfigurations = (
				018EF3D029FA48DF002CC0E1 /* Debug */,
				018EF3D129FA48DF002CC0E1 /* Release */,
			);
			defaultConfigurationIsVisible = 0;
			defaultConfigurationName = Release;
		};
		018EF3D229FA48DF002CC0E1 /* Build configuration list for PBXNativeTarget "Sport Record" */ = {
			isa = XCConfigurationList;
			buildConfigurations = (
				018EF3D329FA48DF002CC0E1 /* Debug */,
				018EF3D429FA48DF002CC0E1 /* Release */,
			);
			defaultConfigurationIsVisible = 0;
			defaultConfigurationName = Release;
		};
		018EF3D529FA48DF002CC0E1 /* Build configuration list for PBXNativeTarget "Sport RecordTests" */ = {
			isa = XCConfigurationList;
			buildConfigurations = (
				018EF3D629FA48DF002CC0E1 /* Debug */,
				018EF3D729FA48DF002CC0E1 /* Release */,
			);
			defaultConfigurationIsVisible = 0;
			defaultConfigurationName = Release;
		};
		018EF3D829FA48DF002CC0E1 /* Build configuration list for PBXNativeTarget "Sport RecordUITests" */ = {
			isa = XCConfigurationList;
			buildConfigurations = (
				018EF3D929FA48DF002CC0E1 /* Debug */,
				018EF3DA29FA48DF002CC0E1 /* Release */,
			);
			defaultConfigurationIsVisible = 0;
			defaultConfigurationName = Release;
		};
/* End XCConfigurationList section */
	};
	rootObject = 018EF3A629FA48DE002CC0E1 /* Project object */;
}
